
Microsoft Visual Studio Solution File, Format Version 12.00
# Visual Studio Version 16
VisualStudioVersion = 16.0.34114.132
MinimumVisualStudioVersion = 10.0.40219.1
Project("{FAE04EC0-301F-11D3-BF4B-00C04F79EFBC}") = "CstWebDay14", "CstWebDay14\CstWebDay14.csproj", "{19C720CD-CF67-4C2C-92A6-8BEA495E0AED}"
EndProject
Global
	GlobalSection(SolutionConfigurationPlatforms) = preSolution
		Debug|Any CPU = Debug|Any CPU
		Release|Any CPU = Release|Any CPU
	EndGlobalSection
	GlobalSection(ProjectConfigurationPlatforms) = postSolution
		{19C720CD-CF67-4C2C-92A6-8BEA495E0AED}.Debug|Any CPU.ActiveCfg = Debug|Any CPU
		{19C720CD-CF67-4C2C-92A6-8BEA495E0AED}.Debug|Any CPU.Build.0 = Debug|Any CPU
		{19C720CD-CF67-4C2C-92A6-8BEA495E0AED}.Release|Any CPU.ActiveCfg = Release|Any CPU
		{19C720CD-CF67-4C2C-92A6-8BEA495E0AED}.Release|Any CPU.Build.0 = Release|Any CPU
	EndGlobalSection
	GlobalSection(SolutionProperties) = preSolution
		HideSolutionNode = FALSE
	EndGlobalSection
	GlobalSection(ExtensibilityGlobals) = postSolution
		SolutionGuid = {DEB178A2-7202-48F1-93B2-B4BD94F7010B}
	EndGlobalSection
EndGlobal
