
Microsoft Visual Studio Solution File, Format Version 12.00
# Visual Studio Version 16
VisualStudioVersion = 16.0.34114.132
MinimumVisualStudioVersion = 10.0.40219.1
Project("{FAE04EC0-301F-11D3-BF4B-00C04F79EFBC}") = "CRUDDemo", "CRUDDemo\CRUDDemo.csproj", "{FE037F7C-33E5-4BC5-9A12-44FC108AC10A}"
EndProject
Global
	GlobalSection(SolutionConfigurationPlatforms) = preSolution
		Debug|Any CPU = Debug|Any CPU
		Release|Any CPU = Release|Any CPU
	EndGlobalSection
	GlobalSection(ProjectConfigurationPlatforms) = postSolution
		{FE037F7C-33E5-4BC5-9A12-44FC108AC10A}.Debug|Any CPU.ActiveCfg = Debug|Any CPU
		{FE037F7C-33E5-4BC5-9A12-44FC108AC10A}.Debug|Any CPU.Build.0 = Debug|Any CPU
		{FE037F7C-33E5-4BC5-9A12-44FC108AC10A}.Release|Any CPU.ActiveCfg = Release|Any CPU
		{FE037F7C-33E5-4BC5-9A12-44FC108AC10A}.Release|Any CPU.Build.0 = Release|Any CPU
	EndGlobalSection
	GlobalSection(SolutionProperties) = preSolution
		HideSolutionNode = FALSE
	EndGlobalSection
	GlobalSection(ExtensibilityGlobals) = postSolution
		SolutionGuid = {87C75B24-B68B-4968-9FC2-4BAAD92F19B2}
	EndGlobalSection
EndGlobal
